
Microsoft Visual Studio Solution File, Format Version 12.00
# Visual Studio Version 16
VisualStudioVersion = 16.0.29920.165
MinimumVisualStudioVersion = 10.0.40219.1
Project("{FAE04EC0-301F-11D3-BF4B-00C04F79EFBC}") = "NotepadTabs", "NotepadTabs.csproj", "{758CEC91-09BC-4FA5-B040-520DA04471E6}"
EndProject
Global
	GlobalSection(SolutionConfigurationPlatforms) = preSolution
		Debug|Any CPU = Debug|Any CPU
		Release|Any CPU = Release|Any CPU
	EndGlobalSection
	GlobalSection(ProjectConfigurationPlatforms) = postSolution
		{758CEC91-09BC-4FA5-B040-520DA04471E6}.Debug|Any CPU.ActiveCfg = Debug|Any CPU
		{758CEC91-09BC-4FA5-B040-520DA04471E6}.Debug|Any CPU.Build.0 = Debug|Any CPU
		{758CEC91-09BC-4FA5-B040-520DA04471E6}.Release|Any CPU.ActiveCfg = Release|Any CPU
		{758CEC91-09BC-4FA5-B040-520DA04471E6}.Release|Any CPU.Build.0 = Release|Any CPU
	EndGlobalSection
	GlobalSection(SolutionProperties) = preSolution
		HideSolutionNode = FALSE
	EndGlobalSection
	GlobalSection(ExtensibilityGlobals) = postSolution
		SolutionGuid = {809F86B7-422A-40CB-89ED-18F8E66EF060}
	EndGlobalSection
EndGlobal
